
Microsoft Visual Studio Solution File, Format Version 12.00
# Visual Studio Version 17
VisualStudioVersion = 17.2.32516.85
MinimumVisualStudioVersion = 10.0.40219.1
Project("{2150E333-8FDC-42A3-9474-1A3956D46DE8}") = "src", "src", "{225A61B9-9200-4D23-B2D7-709790BCE756}"
EndProject
Project("{9A19103F-16F7-4668-BE54-9A1E7A4F7556}") = "TelegramService", "src\TelegramService\TelegramService.csproj", "{1FF4479D-4C1B-4188-BAA7-8864E81D2893}"
EndProject
Global
	GlobalSection(SolutionConfigurationPlatforms) = preSolution
		Debug|Any CPU = Debug|Any CPU
		Release|Any CPU = Release|Any CPU
	EndGlobalSection
	GlobalSection(ProjectConfigurationPlatforms) = postSolution
		{1FF4479D-4C1B-4188-BAA7-8864E81D2893}.Debug|Any CPU.ActiveCfg = Debug|Any CPU
		{1FF4479D-4C1B-4188-BAA7-8864E81D2893}.Debug|Any CPU.Build.0 = Debug|Any CPU
		{1FF4479D-4C1B-4188-BAA7-8864E81D2893}.Release|Any CPU.ActiveCfg = Release|Any CPU
		{1FF4479D-4C1B-4188-BAA7-8864E81D2893}.Release|Any CPU.Build.0 = Release|Any CPU
	EndGlobalSection
	GlobalSection(SolutionProperties) = preSolution
		HideSolutionNode = FALSE
	EndGlobalSection
	GlobalSection(NestedProjects) = preSolution
		{1FF4479D-4C1B-4188-BAA7-8864E81D2893} = {225A61B9-9200-4D23-B2D7-709790BCE756}
	EndGlobalSection
	GlobalSection(ExtensibilityGlobals) = postSolution
		SolutionGuid = {F05B311D-0EDD-4189-AAD6-DDA112FBA263}
	EndGlobalSection
EndGlobal
